<?xml version="1.0" encoding="utf-8"?>
<Project ToolsVersion="4.0" xmlns="http://schemas.microsoft.com/developer/msbuild/2003">
  <ItemGroup>
    <Filter Include="Source Files">
      <UniqueIdentifier>{604d24fe-b9b8-4cfc-b11f-a843d86328b6}</UniqueIdentifier>
    </Filter>
    <Filter Include="Shaders">
      <UniqueIdentifier>{38b6f842-2d92-468a-bc00-8b548cd80ed8}</UniqueIdentifier>
    </Filter>
    <Filter Include="Shaders\Vulkan">
      <UniqueIdentifier>{bf2736bc-f728-407a-8e70-af556b521252}</UniqueIdentifier>
    </Filter>
  </ItemGroup>
  <ItemGroup>
    <ClCompile Include="..\src\01_VolumeLight\01_VolumeLight.cpp">
      <Filter>Source Files</Filter>
    </ClCompile>
  </ItemGroup>
  <ItemGroup>
    <None Include="..\src\01_VolumeLight\Shaders\Vulkan\profile.frag">
      <Filter>Shaders\Vulkan</Filter>
    </None>
    <None Include="..\src\01_VolumeLight\Shaders\Vulkan\profile.vert">
      <Filter>Shaders\Vulkan</Filter>
    </None>
    <None Include="..\src\01_VolumeLight\Shaders\Vulkan\lightmarch.frag">
      <Filter>Shaders\Vulkan</Filter>
    </None>
  </ItemGroup>
  <ItemGroup>
    <CustomBuild Include="..\src\01_VolumeLight\Shaders\Vulkan\basic.frag">
      <Filter>Shaders\Vulkan</Filter>
    </CustomBuild>
    <CustomBuild Include="..\src\01_VolumeLight\Shaders\Vulkan\basic.vert">
      <Filter>Shaders\Vulkan</Filter>
    </CustomBuild>
    <CustomBuild Include="..\src\01_VolumeLight\Shaders\Vulkan\skybox.vert">
      <Filter>Shaders\Vulkan</Filter>
    </CustomBuild>
    <CustomBuild Include="..\src\01_VolumeLight\Shaders\Vulkan\skybox.frag">
      <Filter>Shaders\Vulkan</Filter>
    </CustomBuild>
    <CustomBuild Include="..\src\01_VolumeLight\Shaders\Vulkan\fullscreen.vert">
      <Filter>Shaders\Vulkan</Filter>
    </CustomBuild>
  </ItemGroup>
</Project>